# This file is autogenerated, do not edit; changes may be undone by the next 'dep ensure'.


[[projects]]
  digest = "1:7131fa3a68e56764067bb569886cc7b03de5523fe5e81cbe0c70368932a1c622"
  name = "cloud.google.com/go"
  packages = ["compute/metadata"]
  pruneopts = ""
  revision = "28a4bc8c44b3acbcc482cff0cdf7de29a4688b61"
  version = "v0.35.1"

[[projects]]
  digest = "1:e4b30804a381d7603b8a344009987c1ba351c26043501b23b8c7ce21f0b67474"
  name = "github.com/BurntSushi/toml"
  packages = ["."]
  pruneopts = ""
  revision = "3012a1dbe2e4bd1391d42b32f0577cb7bbc7f005"
  version = "v0.3.1"

[[projects]]
  digest = "1:512883404c2a99156e410e9880e3bb35ecccc0c07c1159eb204b5f3ef3c431b3"
  name = "github.com/bitly/go-simplejson"
  packages = ["."]
  pruneopts = ""
  revision = "aabad6e819789e569bd6aabf444c935aa9ba1e44"
  version = "v0.5.0"

[[projects]]
  branch = "v2"
  digest = "1:b309e289595a48e42a31c5ef538060817e9e6941065a5e9e841b0e813b51d445"
  name = "github.com/coreos/go-oidc"
  packages = ["."]
  pruneopts = ""
  revision = "66476e0267012774b2f9767d2d37a317d1f1aac3"

[[projects]]
  digest = "1:0deddd908b6b4b768cfc272c16ee61e7088a60f7fe2f06c547bd3d8e1f8b8e77"
  name = "github.com/davecgh/go-spew"
  packages = ["spew"]
  pruneopts = ""
  revision = "8991bc29aa16c548c550c7ff78260e27b9ab7c73"
  version = "v1.1.1"

[[projects]]
  digest = "1:eb53021a8aa3f599d29c7102e65026242bdedce998a54837dc67f14b6a97c5fd"
  name = "github.com/fsnotify/fsnotify"
  packages = ["."]
  pruneopts = ""
  revision = "c2828203cd70a50dcccfb2761f8b1f8ceef9a8e9"
  version = "v1.4.7"

[[projects]]
  digest = "1:3dd078fda7500c341bc26cfbc6c6a34614f295a2457149fc1045cab767cbcf18"
  name = "github.com/golang/protobuf"
  packages = ["proto"]
  pruneopts = ""
  revision = "aa810b61a9c79d51363740d207bb46cf8e620ed5"
  version = "v1.2.0"

[[projects]]
  digest = "1:af67386ca553c04c6222f7b5b2f17bc97a5dfb3b81b706882c7fd8c72c30cf8f"
  name = "github.com/mbland/hmacauth"
  packages = ["."]
  pruneopts = ""
  revision = "107c17adcc5eccc9935cd67d9bc2feaf5255d2cb"
  version = "1.0.2"

[[projects]]
  branch = "master"
  digest = "1:9408fb9c637c103010e5147469c232ce6b68edc840879cc730a2a15918e6cae8"
  name = "github.com/mreiferson/go-options"
  packages = ["."]
  pruneopts = ""
  revision = "77551d20752b54535462404ad9d877ebdb26e53d"

[[projects]]
  digest = "1:256484dbbcd271f9ecebc6795b2df8cad4c458dd0f5fd82a8c2fa0c29f233411"
  name = "github.com/pmezard/go-difflib"
  packages = ["difflib"]
  pruneopts = ""
  revision = "792786c7400a136282c1664665ae0a8db921c6c2"
  version = "v1.0.0"

[[projects]]
  branch = "master"
  digest = "1:de5481dda0c081b66450e391bbb1a5c4435b13e3c0bbf0133ba1a5baeda7b7af"
  name = "github.com/pquerna/cachecontrol"
  packages = [
    ".",
    "cacheobject",
  ]
  pruneopts = ""
  revision = "1555304b9b35fdd2b425bccf1a5613677705e7d0"

[[projects]]
  digest = "1:3926a4ec9a4ff1a072458451aa2d9b98acd059a45b38f7335d31e06c3d6a0159"
  name = "github.com/stretchr/testify"
  packages = ["assert"]
  pruneopts = ""
  revision = "69483b4bd14f5845b5a1e55bca19e954e827f1d0"
  version = "v1.1.4"

[[projects]]
  branch = "master"
  digest = "1:7ff50a9d7274023440ba56840b3bafefaff430b5bed61eef6b4ea13b475eb2db"
  name = "golang.org/x/crypto"
  packages = [
    "bcrypt",
    "blowfish",
    "ed25519",
    "ed25519/internal/edwards25519",
    "pbkdf2",
  ]
  pruneopts = ""
  revision = "b01c7a72566457eb1420261cdafef86638fc3861"

[[projects]]
  branch = "master"
  digest = "1:1e9704e5379e68ac473c28aeb3f7e7cd4036ae8a246bf0285b5ebdbb8e0cfacf"
  name = "golang.org/x/net"
  packages = [
    "context",
    "context/ctxhttp",
  ]
  pruneopts = ""
  revision = "d26f9f9a57f3fab6a695bec0d84433c2c50f8bbf"

[[projects]]
  digest = "1:2ff44435208ae5c7988620e23698a27f9a58da726ceec998e059b6734f8ea6cf"
  name = "golang.org/x/oauth2"
  packages = [
    ".",
    "google",
    "internal",
    "jws",
    "jwt",
  ]
  pruneopts = ""
  revision = "e0f2c55a7fc7d04742e0eef7918aa2389b0e1919"

[[projects]]
  branch = "master"
  digest = "1:71d52943b1ff6a49989bc0eb674aeb46c159845beffd20470a1ee68d8e985532"
  name = "golang.org/x/sys"
  packages = ["unix"]
  pruneopts = ""
  revision = "aca44879d5644da7c5b8ec6a1115e9b6ea6c40d9"

[[projects]]
  branch = "master"
  digest = "1:89dbdb30e1894ddc399d82a2e947279939800a80bfeb2116f4317be8b3010dd4"
  name = "google.golang.org/api"
  packages = [
    "admin/directory/v1",
    "gensupport",
    "googleapi",
    "googleapi/internal/uritemplates",
  ]
  pruneopts = ""
  revision = "d236112f57134c870530b511f69766d9805df835"

[[projects]]
  digest = "1:bc09e719c4e2a15d17163f5272d9a3131c45d77542b7fdc53ff518815bc19ab3"
  name = "google.golang.org/appengine"
  packages = [
    ".",
    "internal",
    "internal/app_identity",
    "internal/base",
    "internal/datastore",
    "internal/log",
    "internal/modules",
    "internal/remote_api",
    "internal/urlfetch",
    "urlfetch",
  ]
  pruneopts = ""
  revision = "e9657d882bb81064595ca3b56cbe2546bbabf7b1"
  version = "v1.4.0"

[[projects]]
  digest = "1:9ac038eb5180c903d71d582fa4ea7e77658855167a6a09a9035e0b39449dddc7"
  name = "gopkg.in/square/go-jose.v2"
  packages = [
    ".",
    "cipher",
    "json",
  ]
  pruneopts = ""
  revision = "e94fb177d3668d35ab39c61cbb2f311550557e83"
  version = "v2.2.2"

[solve-meta]
  analyzer-name = "dep"
  analyzer-version = 1
  input-imports = [
    "github.com/BurntSushi/toml",
    "github.com/bitly/go-simplejson",
    "github.com/coreos/go-oidc",
    "github.com/fsnotify/fsnotify",
    "github.com/mbland/hmacauth",
    "github.com/mreiferson/go-options",
    "github.com/stretchr/testify/assert",
    "golang.org/x/crypto/bcrypt",
    "golang.org/x/oauth2",
    "golang.org/x/oauth2/google",
    "google.golang.org/api/admin/directory/v1",
  ]
  solver-name = "gps-cdcl"
  solver-version = 1
